// !$*UTF8*$!
{
	archiveVersion = 1;
	classes = {
	};
	objectVersion = 51;
	objects = {

/* Begin PBXBuildFile section */
		3C509729FC1EEF8F72BB0964 /* Pods_MovieRxSample.framework in Frameworks */ = {isa = PBXBuildFile; fileRef = C6AF36975E192F51CFB8FD7C /* Pods_MovieRxSample.framework */; };
		A356000024774DB0004F20E2 /* SceneDelegate.swift in Sources */ = {isa = PBXBuildFile; fileRef = A356FFFF24774DB0004F20E2 /* SceneDelegate.swift */; };
		A356000524774DB0004F20E2 /* Main.storyboard in Resources */ = {isa = PBXBuildFile; fileRef = A356000324774DB0004F20E2 /* Main.storyboard */; };
		A356000724774DB3004F20E2 /* Assets.xcassets in Resources */ = {isa = PBXBuildFile; fileRef = A356000624774DB3004F20E2 /* Assets.xcassets */; };
		A356000A24774DB3004F20E2 /* LaunchScreen.storyboard in Resources */ = {isa = PBXBuildFile; fileRef = A356000824774DB3004F20E2 /* LaunchScreen.storyboard */; };
		A356001D24774F0F004F20E2 /* Kingfisher+Rx.swift in Sources */ = {isa = PBXBuildFile; fileRef = A356001A24774F0F004F20E2 /* Kingfisher+Rx.swift */; };
		A356001E24774F0F004F20E2 /* KingfisherManager+Rx.swift in Sources */ = {isa = PBXBuildFile; fileRef = A356001B24774F0F004F20E2 /* KingfisherManager+Rx.swift */; };
		A356001F24774F0F004F20E2 /* RxKingfisherError.swift in Sources */ = {isa = PBXBuildFile; fileRef = A356001C24774F0F004F20E2 /* RxKingfisherError.swift */; };
		A356002C24775190004F20E2 /* MovieAPI.swift in Sources */ = {isa = PBXBuildFile; fileRef = A356002B24775190004F20E2 /* MovieAPI.swift */; };
		A356002E247751AA004F20E2 /* MoviesModel.swift in Sources */ = {isa = PBXBuildFile; fileRef = A356002D247751AA004F20E2 /* MoviesModel.swift */; };
		A3560030247751D7004F20E2 /* MovieDetailModel.swift in Sources */ = {isa = PBXBuildFile; fileRef = A356002F247751D7004F20E2 /* MovieDetailModel.swift */; };
		A3560032247751FA004F20E2 /* MovieVC.swift in Sources */ = {isa = PBXBuildFile; fileRef = A3560031247751FA004F20E2 /* MovieVC.swift */; };
		A356003424775217004F20E2 /* MovieTableViewCell.swift in Sources */ = {isa = PBXBuildFile; fileRef = A356003324775217004F20E2 /* MovieTableViewCell.swift */; };
		A356003624775233004F20E2 /* MovieTableViewCell.xib in Resources */ = {isa = PBXBuildFile; fileRef = A356003524775233004F20E2 /* MovieTableViewCell.xib */; };
		A35600382477524E004F20E2 /* MovieDetailsVC.swift in Sources */ = {isa = PBXBuildFile; fileRef = A35600372477524E004F20E2 /* MovieDetailsVC.swift */; };
		A356003A24775294004F20E2 /* MoviesViewModel.swift in Sources */ = {isa = PBXBuildFile; fileRef = A356003924775294004F20E2 /* MoviesViewModel.swift */; };
		A356003C247752B2004F20E2 /* MovieDetailsViewModel.swift in Sources */ = {isa = PBXBuildFile; fileRef = A356003B247752B2004F20E2 /* MovieDetailsViewModel.swift */; };
		A356003E247767E4004F20E2 /* Loader.swift in Sources */ = {isa = PBXBuildFile; fileRef = A356003D247767E4004F20E2 /* Loader.swift */; };
		A356FFFE24774DB0004F20E2 /* AppDelegate.swift in Sources */ = {isa = PBXBuildFile; fileRef = A356FFFD24774DB0004F20E2 /* AppDelegate.swift */; };
/* End PBXBuildFile section */

/* Begin PBXFileReference section */
		22BA4A326C3EDAE433818377 /* Pods-MovieRxSample.release.xcconfig */ = {isa = PBXFileReference; includeInIndex = 1; lastKnownFileType = text.xcconfig; name = "Pods-MovieRxSample.release.xcconfig"; path = "Target Support Files/Pods-MovieRxSample/Pods-MovieRxSample.release.xcconfig"; sourceTree = "<group>"; };
		75EAF9472F7518830624DF6B /* Pods-MovieRxSample.debug.xcconfig */ = {isa = PBXFileReference; includeInIndex = 1; lastKnownFileType = text.xcconfig; name = "Pods-MovieRxSample.debug.xcconfig"; path = "Target Support Files/Pods-MovieRxSample/Pods-MovieRxSample.debug.xcconfig"; sourceTree = "<group>"; };
		A356000424774DB0004F20E2 /* Base */ = {isa = PBXFileReference; lastKnownFileType = file.storyboard; name = Base; path = Base.lproj/Main.storyboard; sourceTree = "<group>"; };
		A356000624774DB3004F20E2 /* Assets.xcassets */ = {isa = PBXFileReference; lastKnownFileType = folder.assetcatalog; path = Assets.xcassets; sourceTree = "<group>"; };
		A356000924774DB3004F20E2 /* Base */ = {isa = PBXFileReference; lastKnownFileType = file.storyboard; name = Base; path = Base.lproj/LaunchScreen.storyboard; sourceTree = "<group>"; };
		A356000B24774DB3004F20E2 /* Info.plist */ = {isa = PBXFileReference; lastKnownFileType = text.plist.xml; path = Info.plist; sourceTree = "<group>"; };
		A356001A24774F0F004F20E2 /* Kingfisher+Rx.swift */ = {isa = PBXFileReference; fileEncoding = 4; lastKnownFileType = sourcecode.swift; path = "Kingfisher+Rx.swift"; sourceTree = "<group>"; };
		A356001B24774F0F004F20E2 /* KingfisherManager+Rx.swift */ = {isa = PBXFileReference; fileEncoding = 4; lastKnownFileType = sourcecode.swift; path = "KingfisherManager+Rx.swift"; sourceTree = "<group>"; };
		A356001C24774F0F004F20E2 /* RxKingfisherError.swift */ = {isa = PBXFileReference; fileEncoding = 4; lastKnownFileType = sourcecode.swift; path = RxKingfisherError.swift; sourceTree = "<group>"; };
		A356002B24775190004F20E2 /* MovieAPI.swift */ = {isa = PBXFileReference; lastKnownFileType = sourcecode.swift; path = MovieAPI.swift; sourceTree = "<group>"; };
		A356002D247751AA004F20E2 /* MoviesModel.swift */ = {isa = PBXFileReference; lastKnownFileType = sourcecode.swift; path = MoviesModel.swift; sourceTree = "<group>"; };
		A356002F247751D7004F20E2 /* MovieDetailModel.swift */ = {isa = PBXFileReference; lastKnownFileType = sourcecode.swift; path = MovieDetailModel.swift; sourceTree = "<group>"; };
		A3560031247751FA004F20E2 /* MovieVC.swift */ = {isa = PBXFileReference; lastKnownFileType = sourcecode.swift; path = MovieVC.swift; sourceTree = "<group>"; };
		A356003324775217004F20E2 /* MovieTableViewCell.swift */ = {isa = PBXFileReference; lastKnownFileType = sourcecode.swift; path = MovieTableViewCell.swift; sourceTree = "<group>"; };
		A356003524775233004F20E2 /* MovieTableViewCell.xib */ = {isa = PBXFileReference; fileEncoding = 4; lastKnownFileType = file.xib; path = MovieTableViewCell.xib; sourceTree = "<group>"; };
		A35600372477524E004F20E2 /* MovieDetailsVC.swift */ = {isa = PBXFileReference; lastKnownFileType = sourcecode.swift; path = MovieDetailsVC.swift; sourceTree = "<group>"; };
		A356003924775294004F20E2 /* MoviesViewModel.swift */ = {isa = PBXFileReference; lastKnownFileType = sourcecode.swift; path = MoviesViewModel.swift; sourceTree = "<group>"; };
		A356003B247752B2004F20E2 /* MovieDetailsViewModel.swift */ = {isa = PBXFileReference; lastKnownFileType = sourcecode.swift; path = MovieDetailsViewModel.swift; sourceTree = "<group>"; };
		A356003D247767E4004F20E2 /* Loader.swift */ = {isa = PBXFileReference; fileEncoding = 4; lastKnownFileType = sourcecode.swift; path = Loader.swift; sourceTree = "<group>"; };
		A356FFFA24774DB0004F20E2 /* MovieRxSample.app */ = {isa = PBXFileReference; explicitFileType = wrapper.application; includeInIndex = 0; path = MovieRxSample.app; sourceTree = BUILT_PRODUCTS_DIR; };
		A356FFFD24774DB0004F20E2 /* AppDelegate.swift */ = {isa = PBXFileReference; lastKnownFileType = sourcecode.swift; path = AppDelegate.swift; sourceTree = "<group>"; };
		A356FFFF24774DB0004F20E2 /* SceneDelegate.swift */ = {isa = PBXFileReference; lastKnownFileType = sourcecode.swift; path = SceneDelegate.swift; sourceTree = "<group>"; };
		C6AF36975E192F51CFB8FD7C /* Pods_MovieRxSample.framework */ = {isa = PBXFileReference; explicitFileType = wrapper.framework; includeInIndex = 0; path = Pods_MovieRxSample.framework; sourceTree = BUILT_PRODUCTS_DIR; };
/* End PBXFileReference section */

/* Begin PBXFrameworksBuildPhase section */
		A356FFF724774DB0004F20E2 /* Frameworks */ = {
			isa = PBXFrameworksBuildPhase;
			buildActionMask = 2147483647;
			files = (
				3C509729FC1EEF8F72BB0964 /* Pods_MovieRxSample.framework in Frameworks */,
			);
			runOnlyForDeploymentPostprocessing = 0;
		};
/* End PBXFrameworksBuildPhase section */

/* Begin PBXGroup section */
		24C749ED0DB920B777E669C1 /* Frameworks */ = {
			isa = PBXGroup;
			children = (
				C6AF36975E192F51CFB8FD7C /* Pods_MovieRxSample.framework */,
			);
			name = Frameworks;
			sourceTree = "<group>";
		};
		7FE3B698C7B2E25D406208FE /* Pods */ = {
			isa = PBXGroup;
			children = (
				75EAF9472F7518830624DF6B /* Pods-MovieRxSample.debug.xcconfig */,
				22BA4A326C3EDAE433818377 /* Pods-MovieRxSample.release.xcconfig */,
			);
			path = Pods;
			sourceTree = "<group>";
		};
		A356002024774F18004F20E2 /* KingFisherRX */ = {
			isa = PBXGroup;
			children = (
				A356001A24774F0F004F20E2 /* Kingfisher+Rx.swift */,
				A356001B24774F0F004F20E2 /* KingfisherManager+Rx.swift */,
				A356001C24774F0F004F20E2 /* RxKingfisherError.swift */,
			);
			path = KingFisherRX;
			sourceTree = "<group>";
		};
		A356002724775127004F20E2 /* ViewModel */ = {
			isa = PBXGroup;
			children = (
				A356003924775294004F20E2 /* MoviesViewModel.swift */,
				A356003B247752B2004F20E2 /* MovieDetailsViewModel.swift */,
			);
			path = ViewModel;
			sourceTree = "<group>";
		};
		A356002824775130004F20E2 /* Model */ = {
			isa = PBXGroup;
			children = (
				A356002D247751AA004F20E2 /* MoviesModel.swift */,
				A356002F247751D7004F20E2 /* MovieDetailModel.swift */,
			);
			path = Model;
			sourceTree = "<group>";
		};
		A356002924775141004F20E2 /* View */ = {
			isa = PBXGroup;
			children = (
				A3560031247751FA004F20E2 /* MovieVC.swift */,
				A356003324775217004F20E2 /* MovieTableViewCell.swift */,
				A356003524775233004F20E2 /* MovieTableViewCell.xib */,
				A35600372477524E004F20E2 /* MovieDetailsVC.swift */,
			);
			name = View;
			sourceTree = "<group>";
		};
		A356002A24775172004F20E2 /* EndPoint */ = {
			isa = PBXGroup;
			children = (
				A356002B24775190004F20E2 /* MovieAPI.swift */,
			);
			path = EndPoint;
			sourceTree = "<group>";
		};
		A356FFF124774DB0004F20E2 = {
			isa = PBXGroup;
			children = (
				A356FFFC24774DB0004F20E2 /* MovieRxSample */,
				A356FFFB24774DB0004F20E2 /* Products */,
				7FE3B698C7B2E25D406208FE /* Pods */,
				24C749ED0DB920B777E669C1 /* Frameworks */,
			);
			sourceTree = "<group>";
		};
		A356FFFB24774DB0004F20E2 /* Products */ = {
			isa = PBXGroup;
			children = (
				A356FFFA24774DB0004F20E2 /* MovieRxSample.app */,
			);
			name = Products;
			sourceTree = "<group>";
		};
		A356FFFC24774DB0004F20E2 /* MovieRxSample */ = {
			isa = PBXGroup;
			children = (
				A356002A24775172004F20E2 /* EndPoint */,
				A356002924775141004F20E2 /* View */,
				A356002824775130004F20E2 /* Model */,
				A356002724775127004F20E2 /* ViewModel */,
				A356002024774F18004F20E2 /* KingFisherRX */,
				A356000324774DB0004F20E2 /* Main.storyboard */,
				A356003D247767E4004F20E2 /* Loader.swift */,
				A356FFFD24774DB0004F20E2 /* AppDelegate.swift */,
				A356FFFF24774DB0004F20E2 /* SceneDelegate.swift */,
				A356000624774DB3004F20E2 /* Assets.xcassets */,
				A356000824774DB3004F20E2 /* LaunchScreen.storyboard */,
				A356000B24774DB3004F20E2 /* Info.plist */,
			);
			path = MovieRxSample;
			sourceTree = "<group>";
		};
/* End PBXGroup section */

/* Begin PBXNativeTarget section */
		A356FFF924774DB0004F20E2 /* MovieRxSample */ = {
			isa = PBXNativeTarget;
			buildConfigurationList = A356000E24774DB3004F20E2 /* Build configuration list for PBXNativeTarget "MovieRxSample" */;
			buildPhases = (
				6AFF5E0F4256DD46D287F866 /* [CP] Check Pods Manifest.lock */,
				A356FFF624774DB0004F20E2 /* Sources */,
				A356FFF724774DB0004F20E2 /* Frameworks */,
				A356FFF824774DB0004F20E2 /* Resources */,
				2751CEE48E71EBADFFC43FDE /* [CP] Embed Pods Frameworks */,
			);
			buildRules = (
			);
			dependencies = (
			);
			name = MovieRxSample;
			productName = MovieRxSample;
			productReference = A356FFFA24774DB0004F20E2 /* MovieRxSample.app */;
			productType = "com.apple.product-type.application";
		};
/* End PBXNativeTarget section */

/* Begin PBXProject section */
		A356FFF224774DB0004F20E2 /* Project object */ = {
			isa = PBXProject;
			attributes = {
				LastSwiftUpdateCheck = 1140;
				LastUpgradeCheck = 1140;
				ORGANIZATIONNAME = Ahmed;
				TargetAttributes = {
					A356FFF924774DB0004F20E2 = {
						CreatedOnToolsVersion = 11.4.1;
					};
				};
			};
			buildConfigurationList = A356FFF524774DB0004F20E2 /* Build configuration list for PBXProject "MovieRxSample" */;
			compatibilityVersion = "Xcode 9.3";
			developmentRegion = en;
			hasScannedForEncodings = 0;
			knownRegions = (
				en,
				Base,
			);
			mainGroup = A356FFF124774DB0004F20E2;
			productRefGroup = A356FFFB24774DB0004F20E2 /* Products */;
			projectDirPath = "";
			projectRoot = "";
			targets = (
				A356FFF924774DB0004F20E2 /* MovieRxSample */,
			);
		};
/* End PBXProject section */

/* Begin PBXResourcesBuildPhase section */
		A356FFF824774DB0004F20E2 /* Resources */ = {
			isa = PBXResourcesBuildPhase;
			buildActionMask = 2147483647;
			files = (
				A356000A24774DB3004F20E2 /* LaunchScreen.storyboard in Resources */,
				A356000724774DB3004F20E2 /* Assets.xcassets in Resources */,
				A356003624775233004F20E2 /* MovieTableViewCell.xib in Resources */,
				A356000524774DB0004F20E2 /* Main.storyboard in Resources */,
			);
			runOnlyForDeploymentPostprocessing = 0;
		};
/* End PBXResourcesBuildPhase section */

/* Begin PBXShellScriptBuildPhase section */
		2751CEE48E71EBADFFC43FDE /* [CP] Embed Pods Frameworks */ = {
			isa = PBXShellScriptBuildPhase;
			buildActionMask = 2147483647;
			files = (
			);
			inputFileListPaths = (
				"${PODS_ROOT}/Target Support Files/Pods-MovieRxSample/Pods-MovieRxSample-frameworks-${CONFIGURATION}-input-files.xcfilelist",
			);
			name = "[CP] Embed Pods Frameworks";
			outputFileListPaths = (
				"${PODS_ROOT}/Target Support Files/Pods-MovieRxSample/Pods-MovieRxSample-frameworks-${CONFIGURATION}-output-files.xcfilelist",
			);
			runOnlyForDeploymentPostprocessing = 0;
			shellPath = /bin/sh;
			shellScript = "\"${PODS_ROOT}/Target Support Files/Pods-MovieRxSample/Pods-MovieRxSample-frameworks.sh\"\n";
			showEnvVarsInLog = 0;
		};
		6AFF5E0F4256DD46D287F866 /* [CP] Check Pods Manifest.lock */ = {
			isa = PBXShellScriptBuildPhase;
			buildActionMask = 2147483647;
			files = (
			);
			inputFileListPaths = (
			);
			inputPaths = (
				"${PODS_PODFILE_DIR_PATH}/Podfile.lock",
				"${PODS_ROOT}/Manifest.lock",
			);
			name = "[CP] Check Pods Manifest.lock";
			outputFileListPaths = (
			);
			outputPaths = (
				"$(DERIVED_FILE_DIR)/Pods-MovieRxSample-checkManifestLockResult.txt",
			);
			runOnlyForDeploymentPostprocessing = 0;
			shellPath = /bin/sh;
			shellScript = "diff \"${PODS_PODFILE_DIR_PATH}/Podfile.lock\" \"${PODS_ROOT}/Manifest.lock\" > /dev/null\nif [ $? != 0 ] ; then\n    # print error to STDERR\n    echo \"error: The sandbox is not in sync with the Podfile.lock. Run 'pod install' or update your CocoaPods installation.\" >&2\n    exit 1\nfi\n# This output is used by Xcode 'outputs' to avoid re-running this script phase.\necho \"SUCCESS\" > \"${SCRIPT_OUTPUT_FILE_0}\"\n";
			showEnvVarsInLog = 0;
		};
/* End PBXShellScriptBuildPhase section */

/* Begin PBXSourcesBuildPhase section */
		A356FFF624774DB0004F20E2 /* Sources */ = {
			isa = PBXSourcesBuildPhase;
			buildActionMask = 2147483647;
			files = (
				A356003C247752B2004F20E2 /* MovieDetailsViewModel.swift in Sources */,
				A356002E247751AA004F20E2 /* MoviesModel.swift in Sources */,
				A3560030247751D7004F20E2 /* MovieDetailModel.swift in Sources */,
				A35600382477524E004F20E2 /* MovieDetailsVC.swift in Sources */,
				A356002C24775190004F20E2 /* MovieAPI.swift in Sources */,
				A356001E24774F0F004F20E2 /* KingfisherManager+Rx.swift in Sources */,
				A356001D24774F0F004F20E2 /* Kingfisher+Rx.swift in Sources */,
				A356003A24775294004F20E2 /* MoviesViewModel.swift in Sources */,
				A356FFFE24774DB0004F20E2 /* AppDelegate.swift in Sources */,
				A356001F24774F0F004F20E2 /* RxKingfisherError.swift in Sources */,
				A356000024774DB0004F20E2 /* SceneDelegate.swift in Sources */,
				A356003424775217004F20E2 /* MovieTableViewCell.swift in Sources */,
				A3560032247751FA004F20E2 /* MovieVC.swift in Sources */,
				A356003E247767E4004F20E2 /* Loader.swift in Sources */,
			);
			runOnlyForDeploymentPostprocessing = 0;
		};
/* End PBXSourcesBuildPhase section */

/* Begin PBXVariantGroup section */
		A356000324774DB0004F20E2 /* Main.storyboard */ = {
			isa = PBXVariantGroup;
			children = (
				A356000424774DB0004F20E2 /* Base */,
			);
			name = Main.storyboard;
			sourceTree = "<group>";
		};
		A356000824774DB3004F20E2 /* LaunchScreen.storyboard */ = {
			isa = PBXVariantGroup;
			children = (
				A356000924774DB3004F20E2 /* Base */,
			);
			name = LaunchScreen.storyboard;
			sourceTree = "<group>";
		};
/* End PBXVariantGroup section */

/* Begin XCBuildConfiguration section */
		A356000C24774DB3004F20E2 /* Debug */ = {
			isa = XCBuildConfiguration;
			buildSettings = {
				ALWAYS_SEARCH_USER_PATHS = NO;
				CLANG_ANALYZER_NONNULL = YES;
				CLANG_ANALYZER_NUMBER_OBJECT_CONVERSION = YES_AGGRESSIVE;
				CLANG_CXX_LANGUAGE_STANDARD = "gnu++14";
				CLANG_CXX_LIBRARY = "libc++";
				CLANG_ENABLE_MODULES = YES;
				CLANG_ENABLE_OBJC_ARC = YES;
				CLANG_ENABLE_OBJC_WEAK = YES;
				CLANG_WARN_BLOCK_CAPTURE_AUTORELEASING = YES;
				CLANG_WARN_BOOL_CONVERSION = YES;
				CLANG_WARN_COMMA = YES;
				CLANG_WARN_CONSTANT_CONVERSION = YES;
				CLANG_WARN_DEPRECATED_OBJC_IMPLEMENTATIONS = YES;
				CLANG_WARN_DIRECT_OBJC_ISA_USAGE = YES_ERROR;
				CLANG_WARN_DOCUMENTATION_COMMENTS = YES;
				CLANG_WARN_EMPTY_BODY = YES;
				CLANG_WARN_ENUM_CONVERSION = YES;
				CLANG_WARN_INFINITE_RECURSION = YES;
				CLANG_WARN_INT_CONVERSION = YES;
				CLANG_WARN_NON_LITERAL_NULL_CONVERSION = YES;
				CLANG_WARN_OBJC_IMPLICIT_RETAIN_SELF = YES;
				CLANG_WARN_OBJC_LITERAL_CONVERSION = YES;
				CLANG_WARN_OBJC_ROOT_CLASS = YES_ERROR;
				CLANG_WARN_RANGE_LOOP_ANALYSIS = YES;
				CLANG_WARN_STRICT_PROTOTYPES = YES;
				CLANG_WARN_SUSPICIOUS_MOVE = YES;
				CLANG_WARN_UNGUARDED_AVAILABILITY = YES_AGGRESSIVE;
				CLANG_WARN_UNREACHABLE_CODE = YES;
				CLANG_WARN__DUPLICATE_METHOD_MATCH = YES;
				COPY_PHASE_STRIP = NO;
				DEBUG_INFORMATION_FORMAT = dwarf;
				ENABLE_STRICT_OBJC_MSGSEND = YES;
				ENABLE_TESTABILITY = YES;
				GCC_C_LANGUAGE_STANDARD = gnu11;
				GCC_DYNAMIC_NO_PIC = NO;
				GCC_NO_COMMON_BLOCKS = YES;
				GCC_OPTIMIZATION_LEVEL = 0;
				GCC_PREPROCESSOR_DEFINITIONS = (
					"DEBUG=1",
					"$(inherited)",
				);
				GCC_WARN_64_TO_32_BIT_CONVERSION = YES;
				GCC_WARN_ABOUT_RETURN_TYPE = YES_ERROR;
				GCC_WARN_UNDECLARED_SELECTOR = YES;
				GCC_WARN_UNINITIALIZED_AUTOS = YES_AGGRESSIVE;
				GCC_WARN_UNUSED_FUNCTION = YES;
				GCC_WARN_UNUSED_VARIABLE = YES;
				IPHONEOS_DEPLOYMENT_TARGET = 13.4;
				MTL_ENABLE_DEBUG_INFO = INCLUDE_SOURCE;
				MTL_FAST_MATH = YES;
				ONLY_ACTIVE_ARCH = YES;
				SDKROOT = iphoneos;
				SWIFT_ACTIVE_COMPILATION_CONDITIONS = DEBUG;
				SWIFT_OPTIMIZATION_LEVEL = "-Onone";
			};
			name = Debug;
		};
		A356000D24774DB3004F20E2 /* Release */ = {
			isa = XCBuildConfiguration;
			buildSettings = {
				ALWAYS_SEARCH_USER_PATHS = NO;
				CLANG_ANALYZER_NONNULL = YES;
				CLANG_ANALYZER_NUMBER_OBJECT_CONVERSION = YES_AGGRESSIVE;
				CLANG_CXX_LANGUAGE_STANDARD = "gnu++14";
				CLANG_CXX_LIBRARY = "libc++";
				CLANG_ENABLE_MODULES = YES;
				CLANG_ENABLE_OBJC_ARC = YES;
				CLANG_ENABLE_OBJC_WEAK = YES;
				CLANG_WARN_BLOCK_CAPTURE_AUTORELEASING = YES;
				CLANG_WARN_BOOL_CONVERSION = YES;
				CLANG_WARN_COMMA = YES;
				CLANG_WARN_CONSTANT_CONVERSION = YES;
				CLANG_WARN_DEPRECATED_OBJC_IMPLEMENTATIONS = YES;
				CLANG_WARN_DIRECT_OBJC_ISA_USAGE = YES_ERROR;
				CLANG_WARN_DOCUMENTATION_COMMENTS = YES;
				CLANG_WARN_EMPTY_BODY = YES;
				CLANG_WARN_ENUM_CONVERSION = YES;
				CLANG_WARN_INFINITE_RECURSION = YES;
				CLANG_WARN_INT_CONVERSION = YES;
				CLANG_WARN_NON_LITERAL_NULL_CONVERSION = YES;
				CLANG_WARN_OBJC_IMPLICIT_RETAIN_SELF = YES;
				CLANG_WARN_OBJC_LITERAL_CONVERSION = YES;
				CLANG_WARN_OBJC_ROOT_CLASS = YES_ERROR;
				CLANG_WARN_RANGE_LOOP_ANALYSIS = YES;
				CLANG_WARN_STRICT_PROTOTYPES = YES;
				CLANG_WARN_SUSPICIOUS_MOVE = YES;
				CLANG_WARN_UNGUARDED_AVAILABILITY = YES_AGGRESSIVE;
				CLANG_WARN_UNREACHABLE_CODE = YES;
				CLANG_WARN__DUPLICATE_METHOD_MATCH = YES;
				COPY_PHASE_STRIP = NO;
				DEBUG_INFORMATION_FORMAT = "dwarf-with-dsym";
				ENABLE_NS_ASSERTIONS = NO;
				ENABLE_STRICT_OBJC_MSGSEND = YES;
				GCC_C_LANGUAGE_STANDARD = gnu11;
				GCC_NO_COMMON_BLOCKS = YES;
				GCC_WARN_64_TO_32_BIT_CONVERSION = YES;
				GCC_WARN_ABOUT_RETURN_TYPE = YES_ERROR;
				GCC_WARN_UNDECLARED_SELECTOR = YES;
				GCC_WARN_UNINITIALIZED_AUTOS = YES_AGGRESSIVE;
				GCC_WARN_UNUSED_FUNCTION = YES;
				GCC_WARN_UNUSED_VARIABLE = YES;
				IPHONEOS_DEPLOYMENT_TARGET = 13.4;
				MTL_ENABLE_DEBUG_INFO = NO;
				MTL_FAST_MATH = YES;
				SDKROOT = iphoneos;
				SWIFT_COMPILATION_MODE = wholemodule;
				SWIFT_OPTIMIZATION_LEVEL = "-O";
				VALIDATE_PRODUCT = YES;
			};
			name = Release;
		};
		A356000F24774DB3004F20E2 /* Debug */ = {
			isa = XCBuildConfiguration;
			baseConfigurationReference = 75EAF9472F7518830624DF6B /* Pods-MovieRxSample.debug.xcconfig */;
			buildSettings = {
				ASSETCATALOG_COMPILER_APPICON_NAME = AppIcon;
				CODE_SIGN_STYLE = Automatic;
				DEVELOPMENT_TEAM = J2K8QX5BJD;
				INFOPLIST_FILE = MovieRxSample/Info.plist;
				LD_RUNPATH_SEARCH_PATHS = (
					"$(inherited)",
					"@executable_path/Frameworks",
				);
				PRODUCT_BUNDLE_IDENTIFIER = Com.Me.MovieRxSample;
				PRODUCT_NAME = "$(TARGET_NAME)";
				SWIFT_VERSION = 5.0;
				TARGETED_DEVICE_FAMILY = "1,2";
			};
			name = Debug;
		};
		A356001024774DB3004F20E2 /* Release */ = {
			isa = XCBuildConfiguration;
			baseConfigurationReference = 22BA4A326C3EDAE433818377 /* Pods-MovieRxSample.release.xcconfig */;
			buildSettings = {
				ASSETCATALOG_COMPILER_APPICON_NAME = AppIcon;
				CODE_SIGN_STYLE = Automatic;
				DEVELOPMENT_TEAM = J2K8QX5BJD;
				INFOPLIST_FILE = MovieRxSample/Info.plist;
				LD_RUNPATH_SEARCH_PATHS = (
					"$(inherited)",
					"@executable_path/Frameworks",
				);
				PRODUCT_BUNDLE_IDENTIFIER = Com.Me.MovieRxSample;
				PRODUCT_NAME = "$(TARGET_NAME)";
				SWIFT_VERSION = 5.0;
				TARGETED_DEVICE_FAMILY = "1,2";
			};
			name = Release;
		};
/* End XCBuildConfiguration section */

/* Begin XCConfigurationList section */
		A356000E24774DB3004F20E2 /* Build configuration list for PBXNativeTarget "MovieRxSample" */ = {
			isa = XCConfigurationList;
			buildConfigurations = (
				A356000F24774DB3004F20E2 /* Debug */,
				A356001024774DB3004F20E2 /* Release */,
			);
			defaultConfigurationIsVisible = 0;
			defaultConfigurationName = Release;
		};
		A356FFF524774DB0004F20E2 /* Build configuration list for PBXProject "MovieRxSample" */ = {
			isa = XCConfigurationList;
			buildConfigurations = (
				A356000C24774DB3004F20E2 /* Debug */,
				A356000D24774DB3004F20E2 /* Release */,
			);
			defaultConfigurationIsVisible = 0;
			defaultConfigurationName = Release;
		};
/* End XCConfigurationList section */
	};
	rootObject = A356FFF224774DB0004F20E2 /* Project object */;
}
